
Microsoft Visual Studio Solution File, Format Version 12.00
# Visual Studio 2013
VisualStudioVersion = 12.0.21005.1
MinimumVisualStudioVersion = 10.0.40219.1
Project("{2150E333-8FDC-42A3-9474-1A3956D46DE8}") = "Source", "Source", "{4244AF07-8013-4DCF-BA4A-75D552EDEA3F}"
EndProject
Project("{2150E333-8FDC-42A3-9474-1A3956D46DE8}") = "Test", "Test", "{812145E3-F988-4BEB-B864-A4C83EA8ACAA}"
EndProject
Project("{FAE04EC0-301F-11D3-BF4B-00C04F79EFBC}") = "PhotoAtomic.ComposableExtensions", "PhotoAtomic.ComposableExtensions\PhotoAtomic.ComposableExtensions.csproj", "{F528A192-3DAD-419D-9E39-CC88A7870006}"
EndProject
Project("{FAE04EC0-301F-11D3-BF4B-00C04F79EFBC}") = "PhotoAtomic.Extensions", "PhotoAtomic.Extensions\PhotoAtomic.Extensions.csproj", "{E23EC3E6-C17A-4384-BD2C-867976B73564}"
EndProject
Project("{FAE04EC0-301F-11D3-BF4B-00C04F79EFBC}") = "PhotoAtomic.Extensions.Test", "PhotoAtomic.Extensions.Test\PhotoAtomic.Extensions.Test.csproj", "{4BADBC19-8603-4DA1-AF5C-473EF44EB864}"
EndProject
Project("{FAE04EC0-301F-11D3-BF4B-00C04F79EFBC}") = "PhotoAtomic.Reflection", "PhotoAtomic.Reflection\PhotoAtomic.Reflection.csproj", "{50C68791-06C1-4D21-8B33-800CEC9B9351}"
EndProject
Project("{FAE04EC0-301F-11D3-BF4B-00C04F79EFBC}") = "Roots.Identification", "Roots.Identification\Roots.Identification.csproj", "{7F6F28E8-2ACE-4275-B8AA-FC148A924F1B}"
EndProject
Project("{FAE04EC0-301F-11D3-BF4B-00C04F79EFBC}") = "Roots.Identification.RavenDb", "Roots.Identification.RavenDb\Roots.Identification.RavenDb.csproj", "{E297CE9A-A08A-4616-B93B-32F0821AE91C}"
EndProject
Project("{FAE04EC0-301F-11D3-BF4B-00C04F79EFBC}") = "Roots.Identification.RavenDb.Test", "Roots.Identification.RavenDb.Test\Roots.Identification.RavenDb.Test.csproj", "{7C894CAB-0361-4EF1-BAF9-F3338FCB4089}"
EndProject
Project("{FAE04EC0-301F-11D3-BF4B-00C04F79EFBC}") = "Roots.Persistence", "Roots.Persistence\Roots.Persistence.csproj", "{7A3C939B-C748-48EC-BA1F-30C338AA44EB}"
EndProject
Project("{FAE04EC0-301F-11D3-BF4B-00C04F79EFBC}") = "Roots.Persistence.RavenDb", "Roots.Persistence.RavenDb\Roots.Persistence.RavenDb.csproj", "{ECBC99F2-E163-4BA1-8D3D-ECDBF1FE21E4}"
EndProject
Project("{FAE04EC0-301F-11D3-BF4B-00C04F79EFBC}") = "Roots.Persistence.RavenDb.Helper.Test", "Roots.Persistence.RavenDb.Helper.Test\Roots.Persistence.RavenDb.Helper.Test.csproj", "{DBEC0455-CA75-40FA-AF2C-88D3A917C030}"
EndProject
Project("{FAE04EC0-301F-11D3-BF4B-00C04F79EFBC}") = "Roots.Persistence.RavenDb.Test", "Roots.Persistence.RavenDb.Test\Roots.Persistence.RavenDb.Test.csproj", "{FFEC12F4-1C83-4443-9D27-456A1750D73F}"
EndProject
Project("{FAE04EC0-301F-11D3-BF4B-00C04F79EFBC}") = "Roots.Persistence.Test", "Roots.Persistence.Test\Roots.Persistence.Test.csproj", "{A254DF09-4AE2-44DC-82A1-221FA90FC335}"
EndProject
Project("{FAE04EC0-301F-11D3-BF4B-00C04F79EFBC}") = "Roots.Web", "Roots.Web\Roots.Web.csproj", "{D7A52603-697F-4FC5-B96B-E3E87A95814A}"
EndProject
Project("{FAE04EC0-301F-11D3-BF4B-00C04F79EFBC}") = "Roots.Domain", "Roots.Domain\Roots.Domain.csproj", "{39372634-7F09-4E21-AD6B-1A8FDC8CF9B3}"
EndProject
Project("{FAE04EC0-301F-11D3-BF4B-00C04F79EFBC}") = "Roots.Persistence.RavenDb.Attributes", "Roots.Persistence.RavenDb.Attributes\Roots.Persistence.RavenDb.Attributes.csproj", "{84FBD092-2103-47A7-B37F-9B505CAB1E73}"
EndProject
Project("{FAE04EC0-301F-11D3-BF4B-00C04F79EFBC}") = "PhotoAtomic.AspNet.Composition", "PhotoAtomic.AspNet.Composition\PhotoAtomic.AspNet.Composition.csproj", "{CD5DCD7D-A263-4858-BE73-38BB706EC9D5}"
EndProject
Project("{FAE04EC0-301F-11D3-BF4B-00C04F79EFBC}") = "CommonServiceLocator.MefAdapter", "CommonServiceLocator.MefAdapter\CommonServiceLocator.MefAdapter.csproj", "{EE4C0CA1-2066-4326-8168-DB51D2983896}"
EndProject
Project("{FAE04EC0-301F-11D3-BF4B-00C04F79EFBC}") = "CommonServiceLocator.MefAdapter.Tests", "CommonServiceLocator.MefAdapter.Tests\CommonServiceLocator.MefAdapter.Tests.csproj", "{29B5EAB2-A4F1-4AA7-B24A-8207B426EC3E}"
EndProject
Project("{FAE04EC0-301F-11D3-BF4B-00C04F79EFBC}") = "PhotoAtomic.Reflection.Test", "PhotoAtomic.Reflection.Test\PhotoAtomic.Reflection.Test.csproj", "{B0A432A6-C097-4A4F-B491-AF313A913AFE}"
EndProject
Project("{FAE04EC0-301F-11D3-BF4B-00C04F79EFBC}") = "Roots.FileSystemService", "Roots.FileSystemService\Roots.FileSystemService.csproj", "{B03388C3-D44B-4BC0-B509-B188CF1219C8}"
EndProject
Project("{2150E333-8FDC-42A3-9474-1A3956D46DE8}") = "Connectors", "Connectors", "{D4900332-CECD-4E4C-914B-95B116615BB2}"
EndProject
Project("{FAE04EC0-301F-11D3-BF4B-00C04F79EFBC}") = "Roots.Connectors.Interfaces", "Roots.Connectors.Interfaces\Roots.Connectors.Interfaces.csproj", "{343F7721-38C8-459A-88D7-E0F76F21078D}"
EndProject
Global
	GlobalSection(SolutionConfigurationPlatforms) = preSolution
		Debug|Any CPU = Debug|Any CPU
		Release|Any CPU = Release|Any CPU
	EndGlobalSection
	GlobalSection(ProjectConfigurationPlatforms) = postSolution
		{F528A192-3DAD-419D-9E39-CC88A7870006}.Debug|Any CPU.ActiveCfg = Debug|Any CPU
		{F528A192-3DAD-419D-9E39-CC88A7870006}.Debug|Any CPU.Build.0 = Debug|Any CPU
		{F528A192-3DAD-419D-9E39-CC88A7870006}.Release|Any CPU.ActiveCfg = Release|Any CPU
		{F528A192-3DAD-419D-9E39-CC88A7870006}.Release|Any CPU.Build.0 = Release|Any CPU
		{E23EC3E6-C17A-4384-BD2C-867976B73564}.Debug|Any CPU.ActiveCfg = Debug|Any CPU
		{E23EC3E6-C17A-4384-BD2C-867976B73564}.Debug|Any CPU.Build.0 = Debug|Any CPU
		{E23EC3E6-C17A-4384-BD2C-867976B73564}.Release|Any CPU.ActiveCfg = Release|Any CPU
		{E23EC3E6-C17A-4384-BD2C-867976B73564}.Release|Any CPU.Build.0 = Release|Any CPU
		{4BADBC19-8603-4DA1-AF5C-473EF44EB864}.Debug|Any CPU.ActiveCfg = Debug|Any CPU
		{4BADBC19-8603-4DA1-AF5C-473EF44EB864}.Debug|Any CPU.Build.0 = Debug|Any CPU
		{4BADBC19-8603-4DA1-AF5C-473EF44EB864}.Release|Any CPU.ActiveCfg = Release|Any CPU
		{4BADBC19-8603-4DA1-AF5C-473EF44EB864}.Release|Any CPU.Build.0 = Release|Any CPU
		{50C68791-06C1-4D21-8B33-800CEC9B9351}.Debug|Any CPU.ActiveCfg = Debug|Any CPU
		{50C68791-06C1-4D21-8B33-800CEC9B9351}.Debug|Any CPU.Build.0 = Debug|Any CPU
		{50C68791-06C1-4D21-8B33-800CEC9B9351}.Release|Any CPU.ActiveCfg = Release|Any CPU
		{50C68791-06C1-4D21-8B33-800CEC9B9351}.Release|Any CPU.Build.0 = Release|Any CPU
		{7F6F28E8-2ACE-4275-B8AA-FC148A924F1B}.Debug|Any CPU.ActiveCfg = Debug|Any CPU
		{7F6F28E8-2ACE-4275-B8AA-FC148A924F1B}.Debug|Any CPU.Build.0 = Debug|Any CPU
		{7F6F28E8-2ACE-4275-B8AA-FC148A924F1B}.Release|Any CPU.ActiveCfg = Release|Any CPU
		{7F6F28E8-2ACE-4275-B8AA-FC148A924F1B}.Release|Any CPU.Build.0 = Release|Any CPU
		{E297CE9A-A08A-4616-B93B-32F0821AE91C}.Debug|Any CPU.ActiveCfg = Debug|Any CPU
		{E297CE9A-A08A-4616-B93B-32F0821AE91C}.Debug|Any CPU.Build.0 = Debug|Any CPU
		{E297CE9A-A08A-4616-B93B-32F0821AE91C}.Release|Any CPU.ActiveCfg = Release|Any CPU
		{E297CE9A-A08A-4616-B93B-32F0821AE91C}.Release|Any CPU.Build.0 = Release|Any CPU
		{7C894CAB-0361-4EF1-BAF9-F3338FCB4089}.Debug|Any CPU.ActiveCfg = Debug|Any CPU
		{7C894CAB-0361-4EF1-BAF9-F3338FCB4089}.Debug|Any CPU.Build.0 = Debug|Any CPU
		{7C894CAB-0361-4EF1-BAF9-F3338FCB4089}.Release|Any CPU.ActiveCfg = Release|Any CPU
		{7C894CAB-0361-4EF1-BAF9-F3338FCB4089}.Release|Any CPU.Build.0 = Release|Any CPU
		{7A3C939B-C748-48EC-BA1F-30C338AA44EB}.Debug|Any CPU.ActiveCfg = Debug|Any CPU
		{7A3C939B-C748-48EC-BA1F-30C338AA44EB}.Debug|Any CPU.Build.0 = Debug|Any CPU
		{7A3C939B-C748-48EC-BA1F-30C338AA44EB}.Release|Any CPU.ActiveCfg = Release|Any CPU
		{7A3C939B-C748-48EC-BA1F-30C338AA44EB}.Release|Any CPU.Build.0 = Release|Any CPU
		{ECBC99F2-E163-4BA1-8D3D-ECDBF1FE21E4}.Debug|Any CPU.ActiveCfg = Debug|Any CPU
		{ECBC99F2-E163-4BA1-8D3D-ECDBF1FE21E4}.Debug|Any CPU.Build.0 = Debug|Any CPU
		{ECBC99F2-E163-4BA1-8D3D-ECDBF1FE21E4}.Release|Any CPU.ActiveCfg = Release|Any CPU
		{ECBC99F2-E163-4BA1-8D3D-ECDBF1FE21E4}.Release|Any CPU.Build.0 = Release|Any CPU
		{DBEC0455-CA75-40FA-AF2C-88D3A917C030}.Debug|Any CPU.ActiveCfg = Debug|Any CPU
		{DBEC0455-CA75-40FA-AF2C-88D3A917C030}.Debug|Any CPU.Build.0 = Debug|Any CPU
		{DBEC0455-CA75-40FA-AF2C-88D3A917C030}.Release|Any CPU.ActiveCfg = Release|Any CPU
		{DBEC0455-CA75-40FA-AF2C-88D3A917C030}.Release|Any CPU.Build.0 = Release|Any CPU
		{FFEC12F4-1C83-4443-9D27-456A1750D73F}.Debug|Any CPU.ActiveCfg = Debug|Any CPU
		{FFEC12F4-1C83-4443-9D27-456A1750D73F}.Debug|Any CPU.Build.0 = Debug|Any CPU
		{FFEC12F4-1C83-4443-9D27-456A1750D73F}.Release|Any CPU.ActiveCfg = Release|Any CPU
		{FFEC12F4-1C83-4443-9D27-456A1750D73F}.Release|Any CPU.Build.0 = Release|Any CPU
		{A254DF09-4AE2-44DC-82A1-221FA90FC335}.Debug|Any CPU.ActiveCfg = Debug|Any CPU
		{A254DF09-4AE2-44DC-82A1-221FA90FC335}.Debug|Any CPU.Build.0 = Debug|Any CPU
		{A254DF09-4AE2-44DC-82A1-221FA90FC335}.Release|Any CPU.ActiveCfg = Release|Any CPU
		{A254DF09-4AE2-44DC-82A1-221FA90FC335}.Release|Any CPU.Build.0 = Release|Any CPU
		{D7A52603-697F-4FC5-B96B-E3E87A95814A}.Debug|Any CPU.ActiveCfg = Debug|Any CPU
		{D7A52603-697F-4FC5-B96B-E3E87A95814A}.Debug|Any CPU.Build.0 = Debug|Any CPU
		{D7A52603-697F-4FC5-B96B-E3E87A95814A}.Release|Any CPU.ActiveCfg = Release|Any CPU
		{D7A52603-697F-4FC5-B96B-E3E87A95814A}.Release|Any CPU.Build.0 = Release|Any CPU
		{39372634-7F09-4E21-AD6B-1A8FDC8CF9B3}.Debug|Any CPU.ActiveCfg = Debug|Any CPU
		{39372634-7F09-4E21-AD6B-1A8FDC8CF9B3}.Debug|Any CPU.Build.0 = Debug|Any CPU
		{39372634-7F09-4E21-AD6B-1A8FDC8CF9B3}.Release|Any CPU.ActiveCfg = Release|Any CPU
		{39372634-7F09-4E21-AD6B-1A8FDC8CF9B3}.Release|Any CPU.Build.0 = Release|Any CPU
		{84FBD092-2103-47A7-B37F-9B505CAB1E73}.Debug|Any CPU.ActiveCfg = Debug|Any CPU
		{84FBD092-2103-47A7-B37F-9B505CAB1E73}.Debug|Any CPU.Build.0 = Debug|Any CPU
		{84FBD092-2103-47A7-B37F-9B505CAB1E73}.Release|Any CPU.ActiveCfg = Release|Any CPU
		{84FBD092-2103-47A7-B37F-9B505CAB1E73}.Release|Any CPU.Build.0 = Release|Any CPU
		{CD5DCD7D-A263-4858-BE73-38BB706EC9D5}.Debug|Any CPU.ActiveCfg = Debug|Any CPU
		{CD5DCD7D-A263-4858-BE73-38BB706EC9D5}.Debug|Any CPU.Build.0 = Debug|Any CPU
		{CD5DCD7D-A263-4858-BE73-38BB706EC9D5}.Release|Any CPU.ActiveCfg = Release|Any CPU
		{CD5DCD7D-A263-4858-BE73-38BB706EC9D5}.Release|Any CPU.Build.0 = Release|Any CPU
		{EE4C0CA1-2066-4326-8168-DB51D2983896}.Debug|Any CPU.ActiveCfg = Debug|Any CPU
		{EE4C0CA1-2066-4326-8168-DB51D2983896}.Debug|Any CPU.Build.0 = Debug|Any CPU
		{EE4C0CA1-2066-4326-8168-DB51D2983896}.Release|Any CPU.ActiveCfg = Release|Any CPU
		{EE4C0CA1-2066-4326-8168-DB51D2983896}.Release|Any CPU.Build.0 = Release|Any CPU
		{29B5EAB2-A4F1-4AA7-B24A-8207B426EC3E}.Debug|Any CPU.ActiveCfg = Debug|Any CPU
		{29B5EAB2-A4F1-4AA7-B24A-8207B426EC3E}.Debug|Any CPU.Build.0 = Debug|Any CPU
		{29B5EAB2-A4F1-4AA7-B24A-8207B426EC3E}.Release|Any CPU.ActiveCfg = Release|Any CPU
		{29B5EAB2-A4F1-4AA7-B24A-8207B426EC3E}.Release|Any CPU.Build.0 = Release|Any CPU
		{B0A432A6-C097-4A4F-B491-AF313A913AFE}.Debug|Any CPU.ActiveCfg = Debug|Any CPU
		{B0A432A6-C097-4A4F-B491-AF313A913AFE}.Debug|Any CPU.Build.0 = Debug|Any CPU
		{B0A432A6-C097-4A4F-B491-AF313A913AFE}.Release|Any CPU.ActiveCfg = Release|Any CPU
		{B0A432A6-C097-4A4F-B491-AF313A913AFE}.Release|Any CPU.Build.0 = Release|Any CPU
		{B03388C3-D44B-4BC0-B509-B188CF1219C8}.Debug|Any CPU.ActiveCfg = Debug|Any CPU
		{B03388C3-D44B-4BC0-B509-B188CF1219C8}.Debug|Any CPU.Build.0 = Debug|Any CPU
		{B03388C3-D44B-4BC0-B509-B188CF1219C8}.Release|Any CPU.ActiveCfg = Release|Any CPU
		{B03388C3-D44B-4BC0-B509-B188CF1219C8}.Release|Any CPU.Build.0 = Release|Any CPU
		{343F7721-38C8-459A-88D7-E0F76F21078D}.Debug|Any CPU.ActiveCfg = Debug|Any CPU
		{343F7721-38C8-459A-88D7-E0F76F21078D}.Debug|Any CPU.Build.0 = Debug|Any CPU
		{343F7721-38C8-459A-88D7-E0F76F21078D}.Release|Any CPU.ActiveCfg = Release|Any CPU
		{343F7721-38C8-459A-88D7-E0F76F21078D}.Release|Any CPU.Build.0 = Release|Any CPU
	EndGlobalSection
	GlobalSection(SolutionProperties) = preSolution
		HideSolutionNode = FALSE
	EndGlobalSection
	GlobalSection(NestedProjects) = preSolution
		{F528A192-3DAD-419D-9E39-CC88A7870006} = {4244AF07-8013-4DCF-BA4A-75D552EDEA3F}
		{E23EC3E6-C17A-4384-BD2C-867976B73564} = {4244AF07-8013-4DCF-BA4A-75D552EDEA3F}
		{50C68791-06C1-4D21-8B33-800CEC9B9351} = {4244AF07-8013-4DCF-BA4A-75D552EDEA3F}
		{7F6F28E8-2ACE-4275-B8AA-FC148A924F1B} = {4244AF07-8013-4DCF-BA4A-75D552EDEA3F}
		{E297CE9A-A08A-4616-B93B-32F0821AE91C} = {4244AF07-8013-4DCF-BA4A-75D552EDEA3F}
		{7A3C939B-C748-48EC-BA1F-30C338AA44EB} = {4244AF07-8013-4DCF-BA4A-75D552EDEA3F}
		{ECBC99F2-E163-4BA1-8D3D-ECDBF1FE21E4} = {4244AF07-8013-4DCF-BA4A-75D552EDEA3F}
		{D7A52603-697F-4FC5-B96B-E3E87A95814A} = {4244AF07-8013-4DCF-BA4A-75D552EDEA3F}
		{39372634-7F09-4E21-AD6B-1A8FDC8CF9B3} = {4244AF07-8013-4DCF-BA4A-75D552EDEA3F}
		{84FBD092-2103-47A7-B37F-9B505CAB1E73} = {4244AF07-8013-4DCF-BA4A-75D552EDEA3F}
		{CD5DCD7D-A263-4858-BE73-38BB706EC9D5} = {4244AF07-8013-4DCF-BA4A-75D552EDEA3F}
		{EE4C0CA1-2066-4326-8168-DB51D2983896} = {4244AF07-8013-4DCF-BA4A-75D552EDEA3F}
		{D4900332-CECD-4E4C-914B-95B116615BB2} = {4244AF07-8013-4DCF-BA4A-75D552EDEA3F}
		{343F7721-38C8-459A-88D7-E0F76F21078D} = {4244AF07-8013-4DCF-BA4A-75D552EDEA3F}
		{4BADBC19-8603-4DA1-AF5C-473EF44EB864} = {812145E3-F988-4BEB-B864-A4C83EA8ACAA}
		{7C894CAB-0361-4EF1-BAF9-F3338FCB4089} = {812145E3-F988-4BEB-B864-A4C83EA8ACAA}
		{DBEC0455-CA75-40FA-AF2C-88D3A917C030} = {812145E3-F988-4BEB-B864-A4C83EA8ACAA}
		{FFEC12F4-1C83-4443-9D27-456A1750D73F} = {812145E3-F988-4BEB-B864-A4C83EA8ACAA}
		{A254DF09-4AE2-44DC-82A1-221FA90FC335} = {812145E3-F988-4BEB-B864-A4C83EA8ACAA}
		{29B5EAB2-A4F1-4AA7-B24A-8207B426EC3E} = {812145E3-F988-4BEB-B864-A4C83EA8ACAA}
		{B0A432A6-C097-4A4F-B491-AF313A913AFE} = {812145E3-F988-4BEB-B864-A4C83EA8ACAA}
		{B03388C3-D44B-4BC0-B509-B188CF1219C8} = {D4900332-CECD-4E4C-914B-95B116615BB2}
	EndGlobalSection
EndGlobal
